
Microsoft Visual Studio Solution File, Format Version 12.00
# Visual Studio 15
VisualStudioVersion = 15.0.28010.2026
MinimumVisualStudioVersion = 10.0.40219.1
Project("{9A19103F-16F7-4668-BE54-9A1E7A4F7556}") = "ConverterServer", "EchoTcpServer\ConverterServer.csproj", "{DE18E4BA-2732-47EA-B5CE-C1A03F30ACFE}"
EndProject
Project("{9A19103F-16F7-4668-BE54-9A1E7A4F7556}") = "GramOunceConverter", "GramOunceConverter\GramOunceConverter.csproj", "{3595BDA3-0FB9-40FA-8060-21824A845970}"
EndProject
Project("{9A19103F-16F7-4668-BE54-9A1E7A4F7556}") = "Test", "Test\Test.csproj", "{A21F02AC-9C36-4804-8055-BB40C037AAA0}"
EndProject
Project("{FAE04EC0-301F-11D3-BF4B-00C04F79EFBC}") = "Client", "Client\Client.csproj", "{B204536E-439F-4614-ACE2-023DC4C4C8CB}"
EndProject
Global
	GlobalSection(SolutionConfigurationPlatforms) = preSolution
		Debug|Any CPU = Debug|Any CPU
		Release|Any CPU = Release|Any CPU
	EndGlobalSection
	GlobalSection(ProjectConfigurationPlatforms) = postSolution
		{DE18E4BA-2732-47EA-B5CE-C1A03F30ACFE}.Debug|Any CPU.ActiveCfg = Debug|Any CPU
		{DE18E4BA-2732-47EA-B5CE-C1A03F30ACFE}.Debug|Any CPU.Build.0 = Debug|Any CPU
		{DE18E4BA-2732-47EA-B5CE-C1A03F30ACFE}.Release|Any CPU.ActiveCfg = Release|Any CPU
		{DE18E4BA-2732-47EA-B5CE-C1A03F30ACFE}.Release|Any CPU.Build.0 = Release|Any CPU
		{3595BDA3-0FB9-40FA-8060-21824A845970}.Debug|Any CPU.ActiveCfg = Debug|Any CPU
		{3595BDA3-0FB9-40FA-8060-21824A845970}.Debug|Any CPU.Build.0 = Debug|Any CPU
		{3595BDA3-0FB9-40FA-8060-21824A845970}.Release|Any CPU.ActiveCfg = Release|Any CPU
		{3595BDA3-0FB9-40FA-8060-21824A845970}.Release|Any CPU.Build.0 = Release|Any CPU
		{A21F02AC-9C36-4804-8055-BB40C037AAA0}.Debug|Any CPU.ActiveCfg = Debug|Any CPU
		{A21F02AC-9C36-4804-8055-BB40C037AAA0}.Debug|Any CPU.Build.0 = Debug|Any CPU
		{A21F02AC-9C36-4804-8055-BB40C037AAA0}.Release|Any CPU.ActiveCfg = Release|Any CPU
		{A21F02AC-9C36-4804-8055-BB40C037AAA0}.Release|Any CPU.Build.0 = Release|Any CPU
		{B204536E-439F-4614-ACE2-023DC4C4C8CB}.Debug|Any CPU.ActiveCfg = Debug|Any CPU
		{B204536E-439F-4614-ACE2-023DC4C4C8CB}.Debug|Any CPU.Build.0 = Debug|Any CPU
		{B204536E-439F-4614-ACE2-023DC4C4C8CB}.Release|Any CPU.ActiveCfg = Release|Any CPU
		{B204536E-439F-4614-ACE2-023DC4C4C8CB}.Release|Any CPU.Build.0 = Release|Any CPU
	EndGlobalSection
	GlobalSection(SolutionProperties) = preSolution
		HideSolutionNode = FALSE
	EndGlobalSection
	GlobalSection(ExtensibilityGlobals) = postSolution
		SolutionGuid = {2212452D-BAD9-4BF1-92C6-1BDC278A781A}
	EndGlobalSection
EndGlobal
